
Microsoft Visual Studio Solution File, Format Version 12.00
# Visual Studio Version 17
VisualStudioVersion = 17.2.32408.312
MinimumVisualStudioVersion = 10.0.40219.1
Project("{2150E333-8FDC-42A3-9474-1A3956D46DE8}") = "Unary", "Unary", "{C5F73CFC-B26C-4E92-9CF6-19DC6590728B}"
EndProject
Project("{2150E333-8FDC-42A3-9474-1A3956D46DE8}") = "ServerStreaming", "ServerStreaming", "{44E62879-D60F-46F4-A6E8-42F30E13FEE5}"
EndProject
Project("{2150E333-8FDC-42A3-9474-1A3956D46DE8}") = "ClientStreaming", "ClientStreaming", "{54E76F97-4E59-4E73-A7DE-66C14CEB617F}"
EndProject
Project("{2150E333-8FDC-42A3-9474-1A3956D46DE8}") = "Bidirectional", "Bidirectional", "{66B667B2-6F6D-4CFA-9389-1A926430ABF3}"
EndProject
Project("{9A19103F-16F7-4668-BE54-9A1E7A4F7556}") = "Unary", "Unary\Unary.csproj", "{FD3483E2-225C-4EED-952B-FD5DCFE5F4EA}"
EndProject
Project("{2150E333-8FDC-42A3-9474-1A3956D46DE8}") = "_Server", "_Server", "{7EFFAC71-1CC2-4699-B1E5-F30FEF547F77}"
EndProject
Project("{9A19103F-16F7-4668-BE54-9A1E7A4F7556}") = "BiDirectional", "BiDirectional\BiDirectional.csproj", "{A1E02B5D-6150-4A99-B2D1-BC0E99C69FE4}"
EndProject
Project("{9A19103F-16F7-4668-BE54-9A1E7A4F7556}") = "ClientStreaming", "ClientStreaming\ClientStreaming.csproj", "{CED359F5-9166-4EAA-8943-1F8CE731352B}"
EndProject
Project("{9A19103F-16F7-4668-BE54-9A1E7A4F7556}") = "ServerStreaming", "ServerStreaming\ServerStreaming.csproj", "{9028F8B8-DF5B-47B4-BA69-0F1C0ED02317}"
EndProject
Project("{9A19103F-16F7-4668-BE54-9A1E7A4F7556}") = "Server", "Server\Server.csproj", "{768C368A-1303-41DB-AF9B-F9BD99D8DE15}"
EndProject
Project("{2150E333-8FDC-42A3-9474-1A3956D46DE8}") = "Extras", "Extras", "{1415AF09-A1E5-4898-8559-A9FB7AFC3775}"
EndProject
Project("{9A19103F-16F7-4668-BE54-9A1E7A4F7556}") = "ExtraGrpc", "ExtraGrpc\ExtraGrpc.csproj", "{2A8BFDFE-B3C1-43AF-876F-7309A05033ED}"
EndProject
Project("{2150E333-8FDC-42A3-9474-1A3956D46DE8}") = "Transcoding", "Transcoding", "{839B23C5-8135-45E3-995B-DF275607D911}"
EndProject
Project("{9A19103F-16F7-4668-BE54-9A1E7A4F7556}") = "TranscodinAPI", "TranscodinAPI\TranscodinAPI.csproj", "{53E1679E-B332-45E1-ADCD-460AF5FD25C3}"
EndProject
Project("{FAE04EC0-301F-11D3-BF4B-00C04F79EFBC}") = "GrpcService1", "GrpcService1\GrpcService1.csproj", "{1E90256F-8520-46D9-B293-56070688984B}"
EndProject
Global
	GlobalSection(SolutionConfigurationPlatforms) = preSolution
		Debug|Any CPU = Debug|Any CPU
		Release|Any CPU = Release|Any CPU
	EndGlobalSection
	GlobalSection(ProjectConfigurationPlatforms) = postSolution
		{FD3483E2-225C-4EED-952B-FD5DCFE5F4EA}.Debug|Any CPU.ActiveCfg = Debug|Any CPU
		{FD3483E2-225C-4EED-952B-FD5DCFE5F4EA}.Debug|Any CPU.Build.0 = Debug|Any CPU
		{FD3483E2-225C-4EED-952B-FD5DCFE5F4EA}.Release|Any CPU.ActiveCfg = Release|Any CPU
		{FD3483E2-225C-4EED-952B-FD5DCFE5F4EA}.Release|Any CPU.Build.0 = Release|Any CPU
		{A1E02B5D-6150-4A99-B2D1-BC0E99C69FE4}.Debug|Any CPU.ActiveCfg = Debug|Any CPU
		{A1E02B5D-6150-4A99-B2D1-BC0E99C69FE4}.Debug|Any CPU.Build.0 = Debug|Any CPU
		{A1E02B5D-6150-4A99-B2D1-BC0E99C69FE4}.Release|Any CPU.ActiveCfg = Release|Any CPU
		{A1E02B5D-6150-4A99-B2D1-BC0E99C69FE4}.Release|Any CPU.Build.0 = Release|Any CPU
		{CED359F5-9166-4EAA-8943-1F8CE731352B}.Debug|Any CPU.ActiveCfg = Debug|Any CPU
		{CED359F5-9166-4EAA-8943-1F8CE731352B}.Debug|Any CPU.Build.0 = Debug|Any CPU
		{CED359F5-9166-4EAA-8943-1F8CE731352B}.Release|Any CPU.ActiveCfg = Release|Any CPU
		{CED359F5-9166-4EAA-8943-1F8CE731352B}.Release|Any CPU.Build.0 = Release|Any CPU
		{9028F8B8-DF5B-47B4-BA69-0F1C0ED02317}.Debug|Any CPU.ActiveCfg = Debug|Any CPU
		{9028F8B8-DF5B-47B4-BA69-0F1C0ED02317}.Debug|Any CPU.Build.0 = Debug|Any CPU
		{9028F8B8-DF5B-47B4-BA69-0F1C0ED02317}.Release|Any CPU.ActiveCfg = Release|Any CPU
		{9028F8B8-DF5B-47B4-BA69-0F1C0ED02317}.Release|Any CPU.Build.0 = Release|Any CPU
		{768C368A-1303-41DB-AF9B-F9BD99D8DE15}.Debug|Any CPU.ActiveCfg = Debug|Any CPU
		{768C368A-1303-41DB-AF9B-F9BD99D8DE15}.Debug|Any CPU.Build.0 = Debug|Any CPU
		{768C368A-1303-41DB-AF9B-F9BD99D8DE15}.Release|Any CPU.ActiveCfg = Release|Any CPU
		{768C368A-1303-41DB-AF9B-F9BD99D8DE15}.Release|Any CPU.Build.0 = Release|Any CPU
		{2A8BFDFE-B3C1-43AF-876F-7309A05033ED}.Debug|Any CPU.ActiveCfg = Debug|Any CPU
		{2A8BFDFE-B3C1-43AF-876F-7309A05033ED}.Debug|Any CPU.Build.0 = Debug|Any CPU
		{2A8BFDFE-B3C1-43AF-876F-7309A05033ED}.Release|Any CPU.ActiveCfg = Release|Any CPU
		{2A8BFDFE-B3C1-43AF-876F-7309A05033ED}.Release|Any CPU.Build.0 = Release|Any CPU
		{53E1679E-B332-45E1-ADCD-460AF5FD25C3}.Debug|Any CPU.ActiveCfg = Debug|Any CPU
		{53E1679E-B332-45E1-ADCD-460AF5FD25C3}.Debug|Any CPU.Build.0 = Debug|Any CPU
		{53E1679E-B332-45E1-ADCD-460AF5FD25C3}.Release|Any CPU.ActiveCfg = Release|Any CPU
		{53E1679E-B332-45E1-ADCD-460AF5FD25C3}.Release|Any CPU.Build.0 = Release|Any CPU
		{1E90256F-8520-46D9-B293-56070688984B}.Debug|Any CPU.ActiveCfg = Debug|Any CPU
		{1E90256F-8520-46D9-B293-56070688984B}.Debug|Any CPU.Build.0 = Debug|Any CPU
		{1E90256F-8520-46D9-B293-56070688984B}.Release|Any CPU.ActiveCfg = Release|Any CPU
		{1E90256F-8520-46D9-B293-56070688984B}.Release|Any CPU.Build.0 = Release|Any CPU
	EndGlobalSection
	GlobalSection(SolutionProperties) = preSolution
		HideSolutionNode = FALSE
	EndGlobalSection
	GlobalSection(NestedProjects) = preSolution
		{FD3483E2-225C-4EED-952B-FD5DCFE5F4EA} = {C5F73CFC-B26C-4E92-9CF6-19DC6590728B}
		{A1E02B5D-6150-4A99-B2D1-BC0E99C69FE4} = {66B667B2-6F6D-4CFA-9389-1A926430ABF3}
		{CED359F5-9166-4EAA-8943-1F8CE731352B} = {54E76F97-4E59-4E73-A7DE-66C14CEB617F}
		{9028F8B8-DF5B-47B4-BA69-0F1C0ED02317} = {44E62879-D60F-46F4-A6E8-42F30E13FEE5}
		{768C368A-1303-41DB-AF9B-F9BD99D8DE15} = {7EFFAC71-1CC2-4699-B1E5-F30FEF547F77}
		{2A8BFDFE-B3C1-43AF-876F-7309A05033ED} = {1415AF09-A1E5-4898-8559-A9FB7AFC3775}
		{53E1679E-B332-45E1-ADCD-460AF5FD25C3} = {839B23C5-8135-45E3-995B-DF275607D911}
	EndGlobalSection
	GlobalSection(ExtensibilityGlobals) = postSolution
		SolutionGuid = {450B5A56-BEF1-45D1-B24E-EEFDF0BABF4F}
	EndGlobalSection
EndGlobal
